// !$*UTF8*$!
{
	archiveVersion = 1;
	classes = {
	};
	objectVersion = 51;
	objects = {

/* Begin PBXBuildFile section */
		25D575CA25FBF234005ABCE7 /* AppDelegate.swift in Sources */ = {isa = PBXBuildFile; fileRef = 25D575C925FBF234005ABCE7 /* AppDelegate.swift */; };
		25D575CC25FBF234005ABCE7 /* SceneDelegate.swift in Sources */ = {isa = PBXBuildFile; fileRef = 25D575CB25FBF234005ABCE7 /* SceneDelegate.swift */; };
		25D575D125FBF234005ABCE7 /* Main.storyboard in Resources */ = {isa = PBXBuildFile; fileRef = 25D575CF25FBF234005ABCE7 /* Main.storyboard */; };
		25D575D325FBF237005ABCE7 /* Assets.xcassets in Resources */ = {isa = PBXBuildFile; fileRef = 25D575D225FBF237005ABCE7 /* Assets.xcassets */; };
		25D575D625FBF237005ABCE7 /* LaunchScreen.storyboard in Resources */ = {isa = PBXBuildFile; fileRef = 25D575D425FBF237005ABCE7 /* LaunchScreen.storyboard */; };
		25D575E125FBF237005ABCE7 /* ParstagramTests.swift in Sources */ = {isa = PBXBuildFile; fileRef = 25D575E025FBF237005ABCE7 /* ParstagramTests.swift */; };
		25D575EC25FBF237005ABCE7 /* ParstagramUITests.swift in Sources */ = {isa = PBXBuildFile; fileRef = 25D575EB25FBF237005ABCE7 /* ParstagramUITests.swift */; };
		25D575FA25FBF8C3005ABCE7 /* LoginViewController.swift in Sources */ = {isa = PBXBuildFile; fileRef = 25D575F925FBF8C3005ABCE7 /* LoginViewController.swift */; };
		25D575FC25FBF8D9005ABCE7 /* FeedViewController.swift in Sources */ = {isa = PBXBuildFile; fileRef = 25D575FB25FBF8D9005ABCE7 /* FeedViewController.swift */; };
		25D575FE25FC0507005ABCE7 /* CameraViewController.swift in Sources */ = {isa = PBXBuildFile; fileRef = 25D575FD25FC0507005ABCE7 /* CameraViewController.swift */; };
		25D5760025FC1457005ABCE7 /* postCell.swift in Sources */ = {isa = PBXBuildFile; fileRef = 25D575FF25FC1457005ABCE7 /* postCell.swift */; };
		2C76A20F58CC0F0F99BEBBA4 /* Pods_Parstagram_ParstagramUITests.framework in Frameworks */ = {isa = PBXBuildFile; fileRef = 1FBD0F4B02177E2C0DBEA006 /* Pods_Parstagram_ParstagramUITests.framework */; };
		45AC90C298B53A4B4F1823FE /* Pods_Parstagram.framework in Frameworks */ = {isa = PBXBuildFile; fileRef = 456BACF55334DF01309F8CC9 /* Pods_Parstagram.framework */; };
		F7D85535ED37217A32F06AEA /* Pods_ParstagramTests.framework in Frameworks */ = {isa = PBXBuildFile; fileRef = 8500AD2575671890E2D4443E /* Pods_ParstagramTests.framework */; };
/* End PBXBuildFile section */

/* Begin PBXContainerItemProxy section */
		25D575DD25FBF237005ABCE7 /* PBXContainerItemProxy */ = {
			isa = PBXContainerItemProxy;
			containerPortal = 25D575BE25FBF234005ABCE7 /* Project object */;
			proxyType = 1;
			remoteGlobalIDString = 25D575C525FBF234005ABCE7;
			remoteInfo = Parstagram;
		};
		25D575E825FBF237005ABCE7 /* PBXContainerItemProxy */ = {
			isa = PBXContainerItemProxy;
			containerPortal = 25D575BE25FBF234005ABCE7 /* Project object */;
			proxyType = 1;
			remoteGlobalIDString = 25D575C525FBF234005ABCE7;
			remoteInfo = Parstagram;
		};
/* End PBXContainerItemProxy section */

/* Begin PBXFileReference section */
		1FBD0F4B02177E2C0DBEA006 /* Pods_Parstagram_ParstagramUITests.framework */ = {isa = PBXFileReference; explicitFileType = wrapper.framework; includeInIndex = 0; path = Pods_Parstagram_ParstagramUITests.framework; sourceTree = BUILT_PRODUCTS_DIR; };
		25D575C625FBF234005ABCE7 /* Parstagram.app */ = {isa = PBXFileReference; explicitFileType = wrapper.application; includeInIndex = 0; path = Parstagram.app; sourceTree = BUILT_PRODUCTS_DIR; };
		25D575C925FBF234005ABCE7 /* AppDelegate.swift */ = {isa = PBXFileReference; lastKnownFileType = sourcecode.swift; path = AppDelegate.swift; sourceTree = "<group>"; };
		25D575CB25FBF234005ABCE7 /* SceneDelegate.swift */ = {isa = PBXFileReference; lastKnownFileType = sourcecode.swift; path = SceneDelegate.swift; sourceTree = "<group>"; };
		25D575D025FBF234005ABCE7 /* Base */ = {isa = PBXFileReference; lastKnownFileType = file.storyboard; name = Base; path = Base.lproj/Main.storyboard; sourceTree = "<group>"; };
		25D575D225FBF237005ABCE7 /* Assets.xcassets */ = {isa = PBXFileReference; lastKnownFileType = folder.assetcatalog; path = Assets.xcassets; sourceTree = "<group>"; };
		25D575D525FBF237005ABCE7 /* Base */ = {isa = PBXFileReference; lastKnownFileType = file.storyboard; name = Base; path = Base.lproj/LaunchScreen.storyboard; sourceTree = "<group>"; };
		25D575D725FBF237005ABCE7 /* Info.plist */ = {isa = PBXFileReference; lastKnownFileType = text.plist.xml; path = Info.plist; sourceTree = "<group>"; };
		25D575DC25FBF237005ABCE7 /* ParstagramTests.xctest */ = {isa = PBXFileReference; explicitFileType = wrapper.cfbundle; includeInIndex = 0; path = ParstagramTests.xctest; sourceTree = BUILT_PRODUCTS_DIR; };
		25D575E025FBF237005ABCE7 /* ParstagramTests.swift */ = {isa = PBXFileReference; lastKnownFileType = sourcecode.swift; path = ParstagramTests.swift; sourceTree = "<group>"; };
		25D575E225FBF237005ABCE7 /* Info.plist */ = {isa = PBXFileReference; lastKnownFileType = text.plist.xml; path = Info.plist; sourceTree = "<group>"; };
		25D575E725FBF237005ABCE7 /* ParstagramUITests.xctest */ = {isa = PBXFileReference; explicitFileType = wrapper.cfbundle; includeInIndex = 0; path = ParstagramUITests.xctest; sourceTree = BUILT_PRODUCTS_DIR; };
		25D575EB25FBF237005ABCE7 /* ParstagramUITests.swift */ = {isa = PBXFileReference; lastKnownFileType = sourcecode.swift; path = ParstagramUITests.swift; sourceTree = "<group>"; };
		25D575ED25FBF237005ABCE7 /* Info.plist */ = {isa = PBXFileReference; lastKnownFileType = text.plist.xml; path = Info.plist; sourceTree = "<group>"; };
		25D575F925FBF8C3005ABCE7 /* LoginViewController.swift */ = {isa = PBXFileReference; lastKnownFileType = sourcecode.swift; path = LoginViewController.swift; sourceTree = "<group>"; };
		25D575FB25FBF8D9005ABCE7 /* FeedViewController.swift */ = {isa = PBXFileReference; lastKnownFileType = sourcecode.swift; path = FeedViewController.swift; sourceTree = "<group>"; };
		25D575FD25FC0507005ABCE7 /* CameraViewController.swift */ = {isa = PBXFileReference; lastKnownFileType = sourcecode.swift; path = CameraViewController.swift; sourceTree = "<group>"; };
		25D575FF25FC1457005ABCE7 /* postCell.swift */ = {isa = PBXFileReference; lastKnownFileType = sourcecode.swift; path = postCell.swift; sourceTree = "<group>"; };
		456BACF55334DF01309F8CC9 /* Pods_Parstagram.framework */ = {isa = PBXFileReference; explicitFileType = wrapper.framework; includeInIndex = 0; path = Pods_Parstagram.framework; sourceTree = BUILT_PRODUCTS_DIR; };
		5EF3777A2AF6F76089B858EE /* Pods-ParstagramTests.release.xcconfig */ = {isa = PBXFileReference; includeInIndex = 1; lastKnownFileType = text.xcconfig; name = "Pods-ParstagramTests.release.xcconfig"; path = "Target Support Files/Pods-ParstagramTests/Pods-ParstagramTests.release.xcconfig"; sourceTree = "<group>"; };
		8500AD2575671890E2D4443E /* Pods_ParstagramTests.framework */ = {isa = PBXFileReference; explicitFileType = wrapper.framework; includeInIndex = 0; path = Pods_ParstagramTests.framework; sourceTree = BUILT_PRODUCTS_DIR; };
		8E7DD6D4BF4AE28D0C9F46AA /* Pods-Parstagram-ParstagramUITests.debug.xcconfig */ = {isa = PBXFileReference; includeInIndex = 1; lastKnownFileType = text.xcconfig; name = "Pods-Parstagram-ParstagramUITests.debug.xcconfig"; path = "Target Support Files/Pods-Parstagram-ParstagramUITests/Pods-Parstagram-ParstagramUITests.debug.xcconfig"; sourceTree = "<group>"; };
		C0B12541ECEE5C82084BEEFC /* Pods-Parstagram.release.xcconfig */ = {isa = PBXFileReference; includeInIndex = 1; lastKnownFileType = text.xcconfig; name = "Pods-Parstagram.release.xcconfig"; path = "Target Support Files/Pods-Parstagram/Pods-Parstagram.release.xcconfig"; sourceTree = "<group>"; };
		C3B306C8C1133073A5BEB538 /* Pods-ParstagramTests.debug.xcconfig */ = {isa = PBXFileReference; includeInIndex = 1; lastKnownFileType = text.xcconfig; name = "Pods-ParstagramTests.debug.xcconfig"; path = "Target Support Files/Pods-ParstagramTests/Pods-ParstagramTests.debug.xcconfig"; sourceTree = "<group>"; };
		E165B03A044971489D41EA0D /* Pods-Parstagram.debug.xcconfig */ = {isa = PBXFileReference; includeInIndex = 1; lastKnownFileType = text.xcconfig; name = "Pods-Parstagram.debug.xcconfig"; path = "Target Support Files/Pods-Parstagram/Pods-Parstagram.debug.xcconfig"; sourceTree = "<group>"; };
		E7C02DDD6E3421BE15C76D5D /* Pods-Parstagram-ParstagramUITests.release.xcconfig */ = {isa = PBXFileReference; includeInIndex = 1; lastKnownFileType = text.xcconfig; name = "Pods-Parstagram-ParstagramUITests.release.xcconfig"; path = "Target Support Files/Pods-Parstagram-ParstagramUITests/Pods-Parstagram-ParstagramUITests.release.xcconfig"; sourceTree = "<group>"; };
/* End PBXFileReference section */

/* Begin PBXFrameworksBuildPhase section */
		25D575C325FBF234005ABCE7 /* Frameworks */ = {
			isa = PBXFrameworksBuildPhase;
			buildActionMask = 2147483647;
			files = (
				45AC90C298B53A4B4F1823FE /* Pods_Parstagram.framework in Frameworks */,
			);
			runOnlyForDeploymentPostprocessing = 0;
		};
		25D575D925FBF237005ABCE7 /* Frameworks */ = {
			isa = PBXFrameworksBuildPhase;
			buildActionMask = 2147483647;
			files = (
				F7D85535ED37217A32F06AEA /* Pods_ParstagramTests.framework in Frameworks */,
			);
			runOnlyForDeploymentPostprocessing = 0;
		};
		25D575E425FBF237005ABCE7 /* Frameworks */ = {
			isa = PBXFrameworksBuildPhase;
			buildActionMask = 2147483647;
			files = (
				2C76A20F58CC0F0F99BEBBA4 /* Pods_Parstagram_ParstagramUITests.framework in Frameworks */,
			);
			runOnlyForDeploymentPostprocessing = 0;
		};
/* End PBXFrameworksBuildPhase section */

/* Begin PBXGroup section */
		25D575BD25FBF234005ABCE7 = {
			isa = PBXGroup;
			children = (
				25D575C825FBF234005ABCE7 /* Parstagram */,
				25D575DF25FBF237005ABCE7 /* ParstagramTests */,
				25D575EA25FBF237005ABCE7 /* ParstagramUITests */,
				25D575C725FBF234005ABCE7 /* Products */,
				6C64F7DF16478048C5247BD3 /* Pods */,
				3AE40539C097D1BC4732BF01 /* Frameworks */,
			);
			sourceTree = "<group>";
		};
		25D575C725FBF234005ABCE7 /* Products */ = {
			isa = PBXGroup;
			children = (
				25D575C625FBF234005ABCE7 /* Parstagram.app */,
				25D575DC25FBF237005ABCE7 /* ParstagramTests.xctest */,
				25D575E725FBF237005ABCE7 /* ParstagramUITests.xctest */,
			);
			name = Products;
			sourceTree = "<group>";
		};
		25D575C825FBF234005ABCE7 /* Parstagram */ = {
			isa = PBXGroup;
			children = (
				25D575C925FBF234005ABCE7 /* AppDelegate.swift */,
				25D575CB25FBF234005ABCE7 /* SceneDelegate.swift */,
				25D575CF25FBF234005ABCE7 /* Main.storyboard */,
				25D575D225FBF237005ABCE7 /* Assets.xcassets */,
				25D575D425FBF237005ABCE7 /* LaunchScreen.storyboard */,
				25D575D725FBF237005ABCE7 /* Info.plist */,
				25D575F925FBF8C3005ABCE7 /* LoginViewController.swift */,
				25D575FB25FBF8D9005ABCE7 /* FeedViewController.swift */,
				25D575FD25FC0507005ABCE7 /* CameraViewController.swift */,
				25D575FF25FC1457005ABCE7 /* postCell.swift */,
			);
			path = Parstagram;
			sourceTree = "<group>";
		};
		25D575DF25FBF237005ABCE7 /* ParstagramTests */ = {
			isa = PBXGroup;
			children = (
				25D575E025FBF237005ABCE7 /* ParstagramTests.swift */,
				25D575E225FBF237005ABCE7 /* Info.plist */,
			);
			path = ParstagramTests;
			sourceTree = "<group>";
		};
		25D575EA25FBF237005ABCE7 /* ParstagramUITests */ = {
			isa = PBXGroup;
			children = (
				25D575EB25FBF237005ABCE7 /* ParstagramUITests.swift */,
				25D575ED25FBF237005ABCE7 /* Info.plist */,
			);
			path = ParstagramUITests;
			sourceTree = "<group>";
		};
		3AE40539C097D1BC4732BF01 /* Frameworks */ = {
			isa = PBXGroup;
			children = (
				456BACF55334DF01309F8CC9 /* Pods_Parstagram.framework */,
				1FBD0F4B02177E2C0DBEA006 /* Pods_Parstagram_ParstagramUITests.framework */,
				8500AD2575671890E2D4443E /* Pods_ParstagramTests.framework */,
			);
			name = Frameworks;
			sourceTree = "<group>";
		};
		6C64F7DF16478048C5247BD3 /* Pods */ = {
			isa = PBXGroup;
			children = (
				E165B03A044971489D41EA0D /* Pods-Parstagram.debug.xcconfig */,
				C0B12541ECEE5C82084BEEFC /* Pods-Parstagram.release.xcconfig */,
				8E7DD6D4BF4AE28D0C9F46AA /* Pods-Parstagram-ParstagramUITests.debug.xcconfig */,
				E7C02DDD6E3421BE15C76D5D /* Pods-Parstagram-ParstagramUITests.release.xcconfig */,
				C3B306C8C1133073A5BEB538 /* Pods-ParstagramTests.debug.xcconfig */,
				5EF3777A2AF6F76089B858EE /* Pods-ParstagramTests.release.xcconfig */,
			);
			path = Pods;
			sourceTree = "<group>";
		};
/* End PBXGroup section */

/* Begin PBXNativeTarget section */
		25D575C525FBF234005ABCE7 /* Parstagram */ = {
			isa = PBXNativeTarget;
			buildConfigurationList = 25D575F025FBF237005ABCE7 /* Build configuration list for PBXNativeTarget "Parstagram" */;
			buildPhases = (
				BF85D4ADCBBE36AFBAAE516B /* [CP] Check Pods Manifest.lock */,
				25D575C225FBF234005ABCE7 /* Sources */,
				25D575C325FBF234005ABCE7 /* Frameworks */,
				25D575C425FBF234005ABCE7 /* Resources */,
				C5D130CC4519252B26560DA2 /* [CP] Embed Pods Frameworks */,
			);
			buildRules = (
			);
			dependencies = (
			);
			name = Parstagram;
			productName = Parstagram;
			productReference = 25D575C625FBF234005ABCE7 /* Parstagram.app */;
			productType = "com.apple.product-type.application";
		};
		25D575DB25FBF237005ABCE7 /* ParstagramTests */ = {
			isa = PBXNativeTarget;
			buildConfigurationList = 25D575F325FBF237005ABCE7 /* Build configuration list for PBXNativeTarget "ParstagramTests" */;
			buildPhases = (
				57049CF2F7345794444CB0D0 /* [CP] Check Pods Manifest.lock */,
				25D575D825FBF237005ABCE7 /* Sources */,
				25D575D925FBF237005ABCE7 /* Frameworks */,
				25D575DA25FBF237005ABCE7 /* Resources */,
			);
			buildRules = (
			);
			dependencies = (
				25D575DE25FBF237005ABCE7 /* PBXTargetDependency */,
			);
			name = ParstagramTests;
			productName = ParstagramTests;
			productReference = 25D575DC25FBF237005ABCE7 /* ParstagramTests.xctest */;
			productType = "com.apple.product-type.bundle.unit-test";
		};
		25D575E625FBF237005ABCE7 /* ParstagramUITests */ = {
			isa = PBXNativeTarget;
			buildConfigurationList = 25D575F625FBF237005ABCE7 /* Build configuration list for PBXNativeTarget "ParstagramUITests" */;
			buildPhases = (
				27E574CC83EF6CF362ED05FF /* [CP] Check Pods Manifest.lock */,
				25D575E325FBF237005ABCE7 /* Sources */,
				25D575E425FBF237005ABCE7 /* Frameworks */,
				25D575E525FBF237005ABCE7 /* Resources */,
				23610FC7BCEB20327BB3DFE3 /* [CP] Embed Pods Frameworks */,
			);
			buildRules = (
			);
			dependencies = (
				25D575E925FBF237005ABCE7 /* PBXTargetDependency */,
			);
			name = ParstagramUITests;
			productName = ParstagramUITests;
			productReference = 25D575E725FBF237005ABCE7 /* ParstagramUITests.xctest */;
			productType = "com.apple.product-type.bundle.ui-testing";
		};
/* End PBXNativeTarget section */

/* Begin PBXProject section */
		25D575BE25FBF234005ABCE7 /* Project object */ = {
			isa = PBXProject;
			attributes = {
				LastSwiftUpdateCheck = 1130;
				LastUpgradeCheck = 1130;
				ORGANIZATIONNAME = Codepath;
				TargetAttributes = {
					25D575C525FBF234005ABCE7 = {
						CreatedOnToolsVersion = 11.3.1;
					};
					25D575DB25FBF237005ABCE7 = {
						CreatedOnToolsVersion = 11.3.1;
						TestTargetID = 25D575C525FBF234005ABCE7;
					};
					25D575E625FBF237005ABCE7 = {
						CreatedOnToolsVersion = 11.3.1;
						TestTargetID = 25D575C525FBF234005ABCE7;
					};
				};
			};
			buildConfigurationList = 25D575C125FBF234005ABCE7 /* Build configuration list for PBXProject "Parstagram" */;
			compatibilityVersion = "Xcode 9.3";
			developmentRegion = en;
			hasScannedForEncodings = 0;
			knownRegions = (
				en,
				Base,
			);
			mainGroup = 25D575BD25FBF234005ABCE7;
			productRefGroup = 25D575C725FBF234005ABCE7 /* Products */;
			projectDirPath = "";
			projectRoot = "";
			targets = (
				25D575C525FBF234005ABCE7 /* Parstagram */,
				25D575DB25FBF237005ABCE7 /* ParstagramTests */,
				25D575E625FBF237005ABCE7 /* ParstagramUITests */,
			);
		};
/* End PBXProject section */

/* Begin PBXResourcesBuildPhase section */
		25D575C425FBF234005ABCE7 /* Resources */ = {
			isa = PBXResourcesBuildPhase;
			buildActionMask = 2147483647;
			files = (
				25D575D625FBF237005ABCE7 /* LaunchScreen.storyboard in Resources */,
				25D575D325FBF237005ABCE7 /* Assets.xcassets in Resources */,
				25D575D125FBF234005ABCE7 /* Main.storyboard in Resources */,
			);
			runOnlyForDeploymentPostprocessing = 0;
		};
		25D575DA25FBF237005ABCE7 /* Resources */ = {
			isa = PBXResourcesBuildPhase;
			buildActionMask = 2147483647;
			files = (
			);
			runOnlyForDeploymentPostprocessing = 0;
		};
		25D575E525FBF237005ABCE7 /* Resources */ = {
			isa = PBXResourcesBuildPhase;
			buildActionMask = 2147483647;
			files = (
			);
			runOnlyForDeploymentPostprocessing = 0;
		};
/* End PBXResourcesBuildPhase section */

/* Begin PBXShellScriptBuildPhase section */
		23610FC7BCEB20327BB3DFE3 /* [CP] Embed Pods Frameworks */ = {
			isa = PBXShellScriptBuildPhase;
			buildActionMask = 2147483647;
			files = (
			);
			inputFileListPaths = (
				"${PODS_ROOT}/Target Support Files/Pods-Parstagram-ParstagramUITests/Pods-Parstagram-ParstagramUITests-frameworks-${CONFIGURATION}-input-files.xcfilelist",
			);
			name = "[CP] Embed Pods Frameworks";
			outputFileListPaths = (
				"${PODS_ROOT}/Target Support Files/Pods-Parstagram-ParstagramUITests/Pods-Parstagram-ParstagramUITests-frameworks-${CONFIGURATION}-output-files.xcfilelist",
			);
			runOnlyForDeploymentPostprocessing = 0;
			shellPath = /bin/sh;
			shellScript = "\"${PODS_ROOT}/Target Support Files/Pods-Parstagram-ParstagramUITests/Pods-Parstagram-ParstagramUITests-frameworks.sh\"\n";
			showEnvVarsInLog = 0;
		};
		27E574CC83EF6CF362ED05FF /* [CP] Check Pods Manifest.lock */ = {
			isa = PBXShellScriptBuildPhase;
			buildActionMask = 2147483647;
			files = (
			);
			inputFileListPaths = (
			);
			inputPaths = (
				"${PODS_PODFILE_DIR_PATH}/Podfile.lock",
				"${PODS_ROOT}/Manifest.lock",
			);
			name = "[CP] Check Pods Manifest.lock";
			outputFileListPaths = (
			);
			outputPaths = (
				"$(DERIVED_FILE_DIR)/Pods-Parstagram-ParstagramUITests-checkManifestLockResult.txt",
			);
			runOnlyForDeploymentPostprocessing = 0;
			shellPath = /bin/sh;
			shellScript = "diff \"${PODS_PODFILE_DIR_PATH}/Podfile.lock\" \"${PODS_ROOT}/Manifest.lock\" > /dev/null\nif [ $? != 0 ] ; then\n    # print error to STDERR\n    echo \"error: The sandbox is not in sync with the Podfile.lock. Run 'pod install' or update your CocoaPods installation.\" >&2\n    exit 1\nfi\n# This output is used by Xcode 'outputs' to avoid re-running this script phase.\necho \"SUCCESS\" > \"${SCRIPT_OUTPUT_FILE_0}\"\n";
			showEnvVarsInLog = 0;
		};
		57049CF2F7345794444CB0D0 /* [CP] Check Pods Manifest.lock */ = {
			isa = PBXShellScriptBuildPhase;
			buildActionMask = 2147483647;
			files = (
			);
			inputFileListPaths = (
			);
			inputPaths = (
				"${PODS_PODFILE_DIR_PATH}/Podfile.lock",
				"${PODS_ROOT}/Manifest.lock",
			);
			name = "[CP] Check Pods Manifest.lock";
			outputFileListPaths = (
			);
			outputPaths = (
				"$(DERIVED_FILE_DIR)/Pods-ParstagramTests-checkManifestLockResult.txt",
			);
			runOnlyForDeploymentPostprocessing = 0;
			shellPath = /bin/sh;
			shellScript = "diff \"${PODS_PODFILE_DIR_PATH}/Podfile.lock\" \"${PODS_ROOT}/Manifest.lock\" > /dev/null\nif [ $? != 0 ] ; then\n    # print error to STDERR\n    echo \"error: The sandbox is not in sync with the Podfile.lock. Run 'pod install' or update your CocoaPods installation.\" >&2\n    exit 1\nfi\n# This output is used by Xcode 'outputs' to avoid re-running this script phase.\necho \"SUCCESS\" > \"${SCRIPT_OUTPUT_FILE_0}\"\n";
			showEnvVarsInLog = 0;
		};
		BF85D4ADCBBE36AFBAAE516B /* [CP] Check Pods Manifest.lock */ = {
			isa = PBXShellScriptBuildPhase;
			buildActionMask = 2147483647;
			files = (
			);
			inputFileListPaths = (
			);
			inputPaths = (
				"${PODS_PODFILE_DIR_PATH}/Podfile.lock",
				"${PODS_ROOT}/Manifest.lock",
			);
			name = "[CP] Check Pods Manifest.lock";
			outputFileListPaths = (
			);
			outputPaths = (
				"$(DERIVED_FILE_DIR)/Pods-Parstagram-checkManifestLockResult.txt",
			);
			runOnlyForDeploymentPostprocessing = 0;
			shellPath = /bin/sh;
			shellScript = "diff \"${PODS_PODFILE_DIR_PATH}/Podfile.lock\" \"${PODS_ROOT}/Manifest.lock\" > /dev/null\nif [ $? != 0 ] ; then\n    # print error to STDERR\n    echo \"error: The sandbox is not in sync with the Podfile.lock. Run 'pod install' or update your CocoaPods installation.\" >&2\n    exit 1\nfi\n# This output is used by Xcode 'outputs' to avoid re-running this script phase.\necho \"SUCCESS\" > \"${SCRIPT_OUTPUT_FILE_0}\"\n";
			showEnvVarsInLog = 0;
		};
		C5D130CC4519252B26560DA2 /* [CP] Embed Pods Frameworks */ = {
			isa = PBXShellScriptBuildPhase;
			buildActionMask = 2147483647;
			files = (
			);
			inputFileListPaths = (
				"${PODS_ROOT}/Target Support Files/Pods-Parstagram/Pods-Parstagram-frameworks-${CONFIGURATION}-input-files.xcfilelist",
			);
			name = "[CP] Embed Pods Frameworks";
			outputFileListPaths = (
				"${PODS_ROOT}/Target Support Files/Pods-Parstagram/Pods-Parstagram-frameworks-${CONFIGURATION}-output-files.xcfilelist",
			);
			runOnlyForDeploymentPostprocessing = 0;
			shellPath = /bin/sh;
			shellScript = "\"${PODS_ROOT}/Target Support Files/Pods-Parstagram/Pods-Parstagram-frameworks.sh\"\n";
			showEnvVarsInLog = 0;
		};
/* End PBXShellScriptBuildPhase section */

/* Begin PBXSourcesBuildPhase section */
		25D575C225FBF234005ABCE7 /* Sources */ = {
			isa = PBXSourcesBuildPhase;
			buildActionMask = 2147483647;
			files = (
				25D575FA25FBF8C3005ABCE7 /* LoginViewController.swift in Sources */,
				25D5760025FC1457005ABCE7 /* postCell.swift in Sources */,
				25D575FE25FC0507005ABCE7 /* CameraViewController.swift in Sources */,
				25D575CA25FBF234005ABCE7 /* AppDelegate.swift in Sources */,
				25D575FC25FBF8D9005ABCE7 /* FeedViewController.swift in Sources */,
				25D575CC25FBF234005ABCE7 /* SceneDelegate.swift in Sources */,
			);
			runOnlyForDeploymentPostprocessing = 0;
		};
		25D575D825FBF237005ABCE7 /* Sources */ = {
			isa = PBXSourcesBuildPhase;
			buildActionMask = 2147483647;
			files = (
				25D575E125FBF237005ABCE7 /* ParstagramTests.swift in Sources */,
			);
			runOnlyForDeploymentPostprocessing = 0;
		};
		25D575E325FBF237005ABCE7 /* Sources */ = {
			isa = PBXSourcesBuildPhase;
			buildActionMask = 2147483647;
			files = (
				25D575EC25FBF237005ABCE7 /* ParstagramUITests.swift in Sources */,
			);
			runOnlyForDeploymentPostprocessing = 0;
		};
/* End PBXSourcesBuildPhase section */

/* Begin PBXTargetDependency section */
		25D575DE25FBF237005ABCE7 /* PBXTargetDependency */ = {
			isa = PBXTargetDependency;
			target = 25D575C525FBF234005ABCE7 /* Parstagram */;
			targetProxy = 25D575DD25FBF237005ABCE7 /* PBXContainerItemProxy */;
		};
		25D575E925FBF237005ABCE7 /* PBXTargetDependency */ = {
			isa = PBXTargetDependency;
			target = 25D575C525FBF234005ABCE7 /* Parstagram */;
			targetProxy = 25D575E825FBF237005ABCE7 /* PBXContainerItemProxy */;
		};
/* End PBXTargetDependency section */

/* Begin PBXVariantGroup section */
		25D575CF25FBF234005ABCE7 /* Main.storyboard */ = {
			isa = PBXVariantGroup;
			children = (
				25D575D025FBF234005ABCE7 /* Base */,
			);
			name = Main.storyboard;
			sourceTree = "<group>";
		};
		25D575D425FBF237005ABCE7 /* LaunchScreen.storyboard */ = {
			isa = PBXVariantGroup;
			children = (
				25D575D525FBF237005ABCE7 /* Base */,
			);
			name = LaunchScreen.storyboard;
			sourceTree = "<group>";
		};
/* End PBXVariantGroup section */

/* Begin XCBuildConfiguration section */
		25D575EE25FBF237005ABCE7 /* Debug */ = {
			isa = XCBuildConfiguration;
			buildSettings = {
				ALWAYS_SEARCH_USER_PATHS = NO;
				CLANG_ANALYZER_NONNULL = YES;
				CLANG_ANALYZER_NUMBER_OBJECT_CONVERSION = YES_AGGRESSIVE;
				CLANG_CXX_LANGUAGE_STANDARD = "gnu++14";
				CLANG_CXX_LIBRARY = "libc++";
				CLANG_ENABLE_MODULES = YES;
				CLANG_ENABLE_OBJC_ARC = YES;
				CLANG_ENABLE_OBJC_WEAK = YES;
				CLANG_WARN_BLOCK_CAPTURE_AUTORELEASING = YES;
				CLANG_WARN_BOOL_CONVERSION = YES;
				CLANG_WARN_COMMA = YES;
				CLANG_WARN_CONSTANT_CONVERSION = YES;
				CLANG_WARN_DEPRECATED_OBJC_IMPLEMENTATIONS = YES;
				CLANG_WARN_DIRECT_OBJC_ISA_USAGE = YES_ERROR;
				CLANG_WARN_DOCUMENTATION_COMMENTS = YES;
				CLANG_WARN_EMPTY_BODY = YES;
				CLANG_WARN_ENUM_CONVERSION = YES;
				CLANG_WARN_INFINITE_RECURSION = YES;
				CLANG_WARN_INT_CONVERSION = YES;
				CLANG_WARN_NON_LITERAL_NULL_CONVERSION = YES;
				CLANG_WARN_OBJC_IMPLICIT_RETAIN_SELF = YES;
				CLANG_WARN_OBJC_LITERAL_CONVERSION = YES;
				CLANG_WARN_OBJC_ROOT_CLASS = YES_ERROR;
				CLANG_WARN_RANGE_LOOP_ANALYSIS = YES;
				CLANG_WARN_STRICT_PROTOTYPES = YES;
				CLANG_WARN_SUSPICIOUS_MOVE = YES;
				CLANG_WARN_UNGUARDED_AVAILABILITY = YES_AGGRESSIVE;
				CLANG_WARN_UNREACHABLE_CODE = YES;
				CLANG_WARN__DUPLICATE_METHOD_MATCH = YES;
				COPY_PHASE_STRIP = NO;
				DEBUG_INFORMATION_FORMAT = dwarf;
				ENABLE_STRICT_OBJC_MSGSEND = YES;
				ENABLE_TESTABILITY = YES;
				GCC_C_LANGUAGE_STANDARD = gnu11;
				GCC_DYNAMIC_NO_PIC = NO;
				GCC_NO_COMMON_BLOCKS = YES;
				GCC_OPTIMIZATION_LEVEL = 0;
				GCC_PREPROCESSOR_DEFINITIONS = (
					"DEBUG=1",
					"$(inherited)",
				);
				GCC_WARN_64_TO_32_BIT_CONVERSION = YES;
				GCC_WARN_ABOUT_RETURN_TYPE = YES_ERROR;
				GCC_WARN_UNDECLARED_SELECTOR = YES;
				GCC_WARN_UNINITIALIZED_AUTOS = YES_AGGRESSIVE;
				GCC_WARN_UNUSED_FUNCTION = YES;
				GCC_WARN_UNUSED_VARIABLE = YES;
				IPHONEOS_DEPLOYMENT_TARGET = 13.2;
				MTL_ENABLE_DEBUG_INFO = INCLUDE_SOURCE;
				MTL_FAST_MATH = YES;
				ONLY_ACTIVE_ARCH = YES;
				SDKROOT = iphoneos;
				SWIFT_ACTIVE_COMPILATION_CONDITIONS = DEBUG;
				SWIFT_OPTIMIZATION_LEVEL = "-Onone";
			};
			name = Debug;
		};
		25D575EF25FBF237005ABCE7 /* Release */ = {
			isa = XCBuildConfiguration;
			buildSettings = {
				ALWAYS_SEARCH_USER_PATHS = NO;
				CLANG_ANALYZER_NONNULL = YES;
				CLANG_ANALYZER_NUMBER_OBJECT_CONVERSION = YES_AGGRESSIVE;
				CLANG_CXX_LANGUAGE_STANDARD = "gnu++14";
				CLANG_CXX_LIBRARY = "libc++";
				CLANG_ENABLE_MODULES = YES;
				CLANG_ENABLE_OBJC_ARC = YES;
				CLANG_ENABLE_OBJC_WEAK = YES;
				CLANG_WARN_BLOCK_CAPTURE_AUTORELEASING = YES;
				CLANG_WARN_BOOL_CONVERSION = YES;
				CLANG_WARN_COMMA = YES;
				CLANG_WARN_CONSTANT_CONVERSION = YES;
				CLANG_WARN_DEPRECATED_OBJC_IMPLEMENTATIONS = YES;
				CLANG_WARN_DIRECT_OBJC_ISA_USAGE = YES_ERROR;
				CLANG_WARN_DOCUMENTATION_COMMENTS = YES;
				CLANG_WARN_EMPTY_BODY = YES;
				CLANG_WARN_ENUM_CONVERSION = YES;
				CLANG_WARN_INFINITE_RECURSION = YES;
				CLANG_WARN_INT_CONVERSION = YES;
				CLANG_WARN_NON_LITERAL_NULL_CONVERSION = YES;
				CLANG_WARN_OBJC_IMPLICIT_RETAIN_SELF = YES;
				CLANG_WARN_OBJC_LITERAL_CONVERSION = YES;
				CLANG_WARN_OBJC_ROOT_CLASS = YES_ERROR;
				CLANG_WARN_RANGE_LOOP_ANALYSIS = YES;
				CLANG_WARN_STRICT_PROTOTYPES = YES;
				CLANG_WARN_SUSPICIOUS_MOVE = YES;
				CLANG_WARN_UNGUARDED_AVAILABILITY = YES_AGGRESSIVE;
				CLANG_WARN_UNREACHABLE_CODE = YES;
				CLANG_WARN__DUPLICATE_METHOD_MATCH = YES;
				COPY_PHASE_STRIP = NO;
				DEBUG_INFORMATION_FORMAT = "dwarf-with-dsym";
				ENABLE_NS_ASSERTIONS = NO;
				ENABLE_STRICT_OBJC_MSGSEND = YES;
				GCC_C_LANGUAGE_STANDARD = gnu11;
				GCC_NO_COMMON_BLOCKS = YES;
				GCC_WARN_64_TO_32_BIT_CONVERSION = YES;
				GCC_WARN_ABOUT_RETURN_TYPE = YES_ERROR;
				GCC_WARN_UNDECLARED_SELECTOR = YES;
				GCC_WARN_UNINITIALIZED_AUTOS = YES_AGGRESSIVE;
				GCC_WARN_UNUSED_FUNCTION = YES;
				GCC_WARN_UNUSED_VARIABLE = YES;
				IPHONEOS_DEPLOYMENT_TARGET = 13.2;
				MTL_ENABLE_DEBUG_INFO = NO;
				MTL_FAST_MATH = YES;
				SDKROOT = iphoneos;
				SWIFT_COMPILATION_MODE = wholemodule;
				SWIFT_OPTIMIZATION_LEVEL = "-O";
				VALIDATE_PRODUCT = YES;
			};
			name = Release;
		};
		25D575F125FBF237005ABCE7 /* Debug */ = {
			isa = XCBuildConfiguration;
			baseConfigurationReference = E165B03A044971489D41EA0D /* Pods-Parstagram.debug.xcconfig */;
			buildSettings = {
				ASSETCATALOG_COMPILER_APPICON_NAME = AppIcon;
				CODE_SIGN_STYLE = Automatic;
				INFOPLIST_FILE = Parstagram/Info.plist;
				LD_RUNPATH_SEARCH_PATHS = (
					"$(inherited)",
					"@executable_path/Frameworks",
				);
				PRODUCT_BUNDLE_IDENTIFIER = GroupAlert.Parstagram;
				PRODUCT_NAME = "$(TARGET_NAME)";
				SWIFT_VERSION = 5.0;
				TARGETED_DEVICE_FAMILY = "1,2";
			};
			name = Debug;
		};
		25D575F225FBF237005ABCE7 /* Release */ = {
			isa = XCBuildConfiguration;
			baseConfigurationReference = C0B12541ECEE5C82084BEEFC /* Pods-Parstagram.release.xcconfig */;
			buildSettings = {
				ASSETCATALOG_COMPILER_APPICON_NAME = AppIcon;
				CODE_SIGN_STYLE = Automatic;
				INFOPLIST_FILE = Parstagram/Info.plist;
				LD_RUNPATH_SEARCH_PATHS = (
					"$(inherited)",
					"@executable_path/Frameworks",
				);
				PRODUCT_BUNDLE_IDENTIFIER = GroupAlert.Parstagram;
				PRODUCT_NAME = "$(TARGET_NAME)";
				SWIFT_VERSION = 5.0;
				TARGETED_DEVICE_FAMILY = "1,2";
			};
			name = Release;
		};
		25D575F425FBF237005ABCE7 /* Debug */ = {
			isa = XCBuildConfiguration;
			baseConfigurationReference = C3B306C8C1133073A5BEB538 /* Pods-ParstagramTests.debug.xcconfig */;
			buildSettings = {
				ALWAYS_EMBED_SWIFT_STANDARD_LIBRARIES = YES;
				BUNDLE_LOADER = "$(TEST_HOST)";
				CODE_SIGN_STYLE = Automatic;
				INFOPLIST_FILE = ParstagramTests/Info.plist;
				IPHONEOS_DEPLOYMENT_TARGET = 13.2;
				LD_RUNPATH_SEARCH_PATHS = (
					"$(inherited)",
					"@executable_path/Frameworks",
					"@loader_path/Frameworks",
				);
				PRODUCT_BUNDLE_IDENTIFIER = GroupAlert.ParstagramTests;
				PRODUCT_NAME = "$(TARGET_NAME)";
				SWIFT_VERSION = 5.0;
				TARGETED_DEVICE_FAMILY = "1,2";
				TEST_HOST = "$(BUILT_PRODUCTS_DIR)/Parstagram.app/Parstagram";
			};
			name = Debug;
		};
		25D575F525FBF237005ABCE7 /* Release */ = {
			isa = XCBuildConfiguration;
			baseConfigurationReference = 5EF3777A2AF6F76089B858EE /* Pods-ParstagramTests.release.xcconfig */;
			buildSettings = {
				ALWAYS_EMBED_SWIFT_STANDARD_LIBRARIES = YES;
				BUNDLE_LOADER = "$(TEST_HOST)";
				CODE_SIGN_STYLE = Automatic;
				INFOPLIST_FILE = ParstagramTests/Info.plist;
				IPHONEOS_DEPLOYMENT_TARGET = 13.2;
				LD_RUNPATH_SEARCH_PATHS = (
					"$(inherited)",
					"@executable_path/Frameworks",
					"@loader_path/Frameworks",
				);
				PRODUCT_BUNDLE_IDENTIFIER = GroupAlert.ParstagramTests;
				PRODUCT_NAME = "$(TARGET_NAME)";
				SWIFT_VERSION = 5.0;
				TARGETED_DEVICE_FAMILY = "1,2";
				TEST_HOST = "$(BUILT_PRODUCTS_DIR)/Parstagram.app/Parstagram";
			};
			name = Release;
		};
		25D575F725FBF237005ABCE7 /* Debug */ = {
			isa = XCBuildConfiguration;
			baseConfigurationReference = 8E7DD6D4BF4AE28D0C9F46AA /* Pods-Parstagram-ParstagramUITests.debug.xcconfig */;
			buildSettings = {
				ALWAYS_EMBED_SWIFT_STANDARD_LIBRARIES = YES;
				CODE_SIGN_STYLE = Automatic;
				INFOPLIST_FILE = ParstagramUITests/Info.plist;
				LD_RUNPATH_SEARCH_PATHS = (
					"$(inherited)",
					"@executable_path/Frameworks",
					"@loader_path/Frameworks",
				);
				PRODUCT_BUNDLE_IDENTIFIER = GroupAlert.ParstagramUITests;
				PRODUCT_NAME = "$(TARGET_NAME)";
				SWIFT_VERSION = 5.0;
				TARGETED_DEVICE_FAMILY = "1,2";
				TEST_TARGET_NAME = Parstagram;
			};
			name = Debug;
		};
		25D575F825FBF237005ABCE7 /* Release */ = {
			isa = XCBuildConfiguration;
			baseConfigurationReference = E7C02DDD6E3421BE15C76D5D /* Pods-Parstagram-ParstagramUITests.release.xcconfig */;
			buildSettings = {
				ALWAYS_EMBED_SWIFT_STANDARD_LIBRARIES = YES;
				CODE_SIGN_STYLE = Automatic;
				INFOPLIST_FILE = ParstagramUITests/Info.plist;
				LD_RUNPATH_SEARCH_PATHS = (
					"$(inherited)",
					"@executable_path/Frameworks",
					"@loader_path/Frameworks",
				);
				PRODUCT_BUNDLE_IDENTIFIER = GroupAlert.ParstagramUITests;
				PRODUCT_NAME = "$(TARGET_NAME)";
				SWIFT_VERSION = 5.0;
				TARGETED_DEVICE_FAMILY = "1,2";
				TEST_TARGET_NAME = Parstagram;
			};
			name = Release;
		};
/* End XCBuildConfiguration section */

/* Begin XCConfigurationList section */
		25D575C125FBF234005ABCE7 /* Build configuration list for PBXProject "Parstagram" */ = {
			isa = XCConfigurationList;
			buildConfigurations = (
				25D575EE25FBF237005ABCE7 /* Debug */,
				25D575EF25FBF237005ABCE7 /* Release */,
			);
			defaultConfigurationIsVisible = 0;
			defaultConfigurationName = Release;
		};
		25D575F025FBF237005ABCE7 /* Build configuration list for PBXNativeTarget "Parstagram" */ = {
			isa = XCConfigurationList;
			buildConfigurations = (
				25D575F125FBF237005ABCE7 /* Debug */,
				25D575F225FBF237005ABCE7 /* Release */,
			);
			defaultConfigurationIsVisible = 0;
			defaultConfigurationName = Release;
		};
		25D575F325FBF237005ABCE7 /* Build configuration list for PBXNativeTarget "ParstagramTests" */ = {
			isa = XCConfigurationList;
			buildConfigurations = (
				25D575F425FBF237005ABCE7 /* Debug */,
				25D575F525FBF237005ABCE7 /* Release */,
			);
			defaultConfigurationIsVisible = 0;
			defaultConfigurationName = Release;
		};
		25D575F625FBF237005ABCE7 /* Build configuration list for PBXNativeTarget "ParstagramUITests" */ = {
			isa = XCConfigurationList;
			buildConfigurations = (
				25D575F725FBF237005ABCE7 /* Debug */,
				25D575F825FBF237005ABCE7 /* Release */,
			);
			defaultConfigurationIsVisible = 0;
			defaultConfigurationName = Release;
		};
/* End XCConfigurationList section */
	};
	rootObject = 25D575BE25FBF234005ABCE7 /* Project object */;
}
